
Microsoft Visual Studio Solution File, Format Version 12.00
# Visual Studio 15
VisualStudioVersion = 15.0.28010.2048
MinimumVisualStudioVersion = 10.0.40219.1
Project("{FAE04EC0-301F-11D3-BF4B-00C04F79EFBC}") = "shopAPI", "shopAPI\shopAPI.csproj", "{E7340B51-0F7F-4320-B01D-863D808AE5C2}"
EndProject
Project("{FAE04EC0-301F-11D3-BF4B-00C04F79EFBC}") = "ShopDataAccess", "ShopDataAccess\ShopDataAccess.csproj", "{C27A89E4-A98D-462B-9126-617311DB5B53}"
EndProject
Global
	GlobalSection(SolutionConfigurationPlatforms) = preSolution
		Debug|Any CPU = Debug|Any CPU
		Release|Any CPU = Release|Any CPU
	EndGlobalSection
	GlobalSection(ProjectConfigurationPlatforms) = postSolution
		{E7340B51-0F7F-4320-B01D-863D808AE5C2}.Debug|Any CPU.ActiveCfg = Debug|Any CPU
		{E7340B51-0F7F-4320-B01D-863D808AE5C2}.Debug|Any CPU.Build.0 = Debug|Any CPU
		{E7340B51-0F7F-4320-B01D-863D808AE5C2}.Release|Any CPU.ActiveCfg = Release|Any CPU
		{E7340B51-0F7F-4320-B01D-863D808AE5C2}.Release|Any CPU.Build.0 = Release|Any CPU
		{C27A89E4-A98D-462B-9126-617311DB5B53}.Debug|Any CPU.ActiveCfg = Debug|Any CPU
		{C27A89E4-A98D-462B-9126-617311DB5B53}.Debug|Any CPU.Build.0 = Debug|Any CPU
		{C27A89E4-A98D-462B-9126-617311DB5B53}.Release|Any CPU.ActiveCfg = Release|Any CPU
		{C27A89E4-A98D-462B-9126-617311DB5B53}.Release|Any CPU.Build.0 = Release|Any CPU
	EndGlobalSection
	GlobalSection(SolutionProperties) = preSolution
		HideSolutionNode = FALSE
	EndGlobalSection
	GlobalSection(ExtensibilityGlobals) = postSolution
		SolutionGuid = {B41A5388-69FE-4920-B493-EE41F57FDB8C}
	EndGlobalSection
EndGlobal
